
Microsoft Visual Studio Solution File, Format Version 12.00
# Visual Studio 2013
Project("{FAE04EC0-301F-11D3-BF4B-00C04F79EFBC}") = "DarkSoul.CSharp", "DarkSoul.CSharp.csproj", "{DEA37A38-9684-64F8-580B-276D4B218ED6}"
EndProject
Global
	GlobalSection(SolutionConfigurationPlatforms) = preSolution
		Debug|Any CPU = Debug|Any CPU
		Release|Any CPU = Release|Any CPU
	EndGlobalSection
	GlobalSection(ProjectConfigurationPlatforms) = postSolution
		{DEA37A38-9684-64F8-580B-276D4B218ED6}.Debug|Any CPU.ActiveCfg = Debug|Any CPU
		{DEA37A38-9684-64F8-580B-276D4B218ED6}.Debug|Any CPU.Build.0 = Debug|Any CPU
		{DEA37A38-9684-64F8-580B-276D4B218ED6}.Release|Any CPU.ActiveCfg = Release|Any CPU
		{DEA37A38-9684-64F8-580B-276D4B218ED6}.Release|Any CPU.Build.0 = Release|Any CPU
	EndGlobalSection
	GlobalSection(SolutionProperties) = preSolution
		HideSolutionNode = FALSE
	EndGlobalSection
EndGlobal
